
Microsoft Visual Studio Solution File, Format Version 12.00
# Visual Studio Version 16
VisualStudioVersion = 16.0.30114.105
MinimumVisualStudioVersion = 10.0.40219.1
Project("{FAE04EC0-301F-11D3-BF4B-00C04F79EFBC}") = "CrtPortBelly", "CrtPortBelly\CrtPortBelly.csproj", "{6AD5FB80-531A-49AB-A8A9-1000852993BC}"
EndProject
Project("{FAE04EC0-301F-11D3-BF4B-00C04F79EFBC}") = "BEUCrtPortBelly", "BEUCrtPortBelly\BEUCrtPortBelly.csproj", "{FA834B82-C77F-4C39-8D83-1626B41C5423}"
EndProject
Global
	GlobalSection(SolutionConfigurationPlatforms) = preSolution
		Debug|Any CPU = Debug|Any CPU
		Release|Any CPU = Release|Any CPU
	EndGlobalSection
	GlobalSection(ProjectConfigurationPlatforms) = postSolution
		{6AD5FB80-531A-49AB-A8A9-1000852993BC}.Debug|Any CPU.ActiveCfg = Debug|Any CPU
		{6AD5FB80-531A-49AB-A8A9-1000852993BC}.Debug|Any CPU.Build.0 = Debug|Any CPU
		{6AD5FB80-531A-49AB-A8A9-1000852993BC}.Release|Any CPU.ActiveCfg = Release|Any CPU
		{6AD5FB80-531A-49AB-A8A9-1000852993BC}.Release|Any CPU.Build.0 = Release|Any CPU
		{FA834B82-C77F-4C39-8D83-1626B41C5423}.Debug|Any CPU.ActiveCfg = Debug|Any CPU
		{FA834B82-C77F-4C39-8D83-1626B41C5423}.Debug|Any CPU.Build.0 = Debug|Any CPU
		{FA834B82-C77F-4C39-8D83-1626B41C5423}.Release|Any CPU.ActiveCfg = Release|Any CPU
		{FA834B82-C77F-4C39-8D83-1626B41C5423}.Release|Any CPU.Build.0 = Release|Any CPU
	EndGlobalSection
	GlobalSection(SolutionProperties) = preSolution
		HideSolutionNode = FALSE
	EndGlobalSection
	GlobalSection(ExtensibilityGlobals) = postSolution
		SolutionGuid = {BDC6A961-E2AA-4384-80C7-9FB418752118}
	EndGlobalSection
EndGlobal
